// !$*UTF8*$!
{
	archiveVersion = 1;
	classes = {
	};
	objectVersion = 50;
	objects = {

/* Begin PBXBuildFile section */
		2D02065725DA80B100634FB7 /* DownSample.swift in Sources */ = {isa = PBXBuildFile; fileRef = 2D02065625DA80B100634FB7 /* DownSample.swift */; };
		2D02065E25DA86BC00634FB7 /* GranCanaria1.jpg in Resources */ = {isa = PBXBuildFile; fileRef = 2D02065A25DA86BC00634FB7 /* GranCanaria1.jpg */; };
		2D02065F25DA86BC00634FB7 /* GranCanaria4.jpg in Resources */ = {isa = PBXBuildFile; fileRef = 2D02065B25DA86BC00634FB7 /* GranCanaria4.jpg */; };
		2D02066025DA86BC00634FB7 /* GranCanaria3.jpg in Resources */ = {isa = PBXBuildFile; fileRef = 2D02065C25DA86BC00634FB7 /* GranCanaria3.jpg */; };
		2D02066125DA86BC00634FB7 /* GranCanaria2.jpg in Resources */ = {isa = PBXBuildFile; fileRef = 2D02065D25DA86BC00634FB7 /* GranCanaria2.jpg */; };
		2D9F0C2B25D0AED500A658A5 /* AppDelegate.swift in Sources */ = {isa = PBXBuildFile; fileRef = 2D9F0C2A25D0AED500A658A5 /* AppDelegate.swift */; };
		2D9F0C2D25D0AED500A658A5 /* SceneDelegate.swift in Sources */ = {isa = PBXBuildFile; fileRef = 2D9F0C2C25D0AED500A658A5 /* SceneDelegate.swift */; };
		2D9F0C2F25D0AED500A658A5 /* ViewController.swift in Sources */ = {isa = PBXBuildFile; fileRef = 2D9F0C2E25D0AED500A658A5 /* ViewController.swift */; };
		2D9F0C3225D0AED500A658A5 /* Main.storyboard in Resources */ = {isa = PBXBuildFile; fileRef = 2D9F0C3025D0AED500A658A5 /* Main.storyboard */; };
		2D9F0C3525D0AED500A658A5 /* NotebooksModel.xcdatamodeld in Sources */ = {isa = PBXBuildFile; fileRef = 2D9F0C3325D0AED500A658A5 /* NotebooksModel.xcdatamodeld */; };
		2D9F0C3725D0AED900A658A5 /* Assets.xcassets in Resources */ = {isa = PBXBuildFile; fileRef = 2D9F0C3625D0AED900A658A5 /* Assets.xcassets */; };
		2D9F0C3A25D0AED900A658A5 /* LaunchScreen.storyboard in Resources */ = {isa = PBXBuildFile; fileRef = 2D9F0C3825D0AED900A658A5 /* LaunchScreen.storyboard */; };
		2D9F0C5125D0B09000A658A5 /* Coordinator.swift in Sources */ = {isa = PBXBuildFile; fileRef = 2D9F0C5025D0B09000A658A5 /* Coordinator.swift */; };
		2D9F0C5525D0B0AE00A658A5 /* AppCoordinator.swift in Sources */ = {isa = PBXBuildFile; fileRef = 2D9F0C5425D0B0AE00A658A5 /* AppCoordinator.swift */; };
		2D9F0C5825D0B0ED00A658A5 /* NotebooksViewController.swift in Sources */ = {isa = PBXBuildFile; fileRef = 2D9F0C5725D0B0ED00A658A5 /* NotebooksViewController.swift */; };
		2D9F0C5C25D0B10F00A658A5 /* NotebooksCoordinator.swift in Sources */ = {isa = PBXBuildFile; fileRef = 2D9F0C5B25D0B10F00A658A5 /* NotebooksCoordinator.swift */; };
		2D9F0C9025D2A29C00A658A5 /* NotebookCell.swift in Sources */ = {isa = PBXBuildFile; fileRef = 2D9F0C8E25D2A29C00A658A5 /* NotebookCell.swift */; };
		2D9F0C9425D2A2C500A658A5 /* NotebooksViewModel.swift in Sources */ = {isa = PBXBuildFile; fileRef = 2D9F0C9325D2A2C500A658A5 /* NotebooksViewModel.swift */; };
		2D9F0C9825D2A5A600A658A5 /* NotebookCellViewModel.swift in Sources */ = {isa = PBXBuildFile; fileRef = 2D9F0C9725D2A5A600A658A5 /* NotebookCellViewModel.swift */; };
		2D9F0C9E25D2AED000A658A5 /* UIViewController+Extensions.swift in Sources */ = {isa = PBXBuildFile; fileRef = 2D9F0C9D25D2AED000A658A5 /* UIViewController+Extensions.swift */; };
		2D9F0CA225D3548300A658A5 /* UIColor+Extensions.swift in Sources */ = {isa = PBXBuildFile; fileRef = 2D9F0CA125D3548300A658A5 /* UIColor+Extensions.swift */; };
		2D9F0CA625D3E98A00A658A5 /* AddNotebookCoordinator.swift in Sources */ = {isa = PBXBuildFile; fileRef = 2D9F0CA525D3E98A00A658A5 /* AddNotebookCoordinator.swift */; };
		2D9F0CAA25D3E9FE00A658A5 /* AddNotebookViewModel.swift in Sources */ = {isa = PBXBuildFile; fileRef = 2D9F0CA925D3E9FE00A658A5 /* AddNotebookViewModel.swift */; };
		2D9F0CAD25D3EA1800A658A5 /* AddNotebookViewController.swift in Sources */ = {isa = PBXBuildFile; fileRef = 2D9F0CAC25D3EA1800A658A5 /* AddNotebookViewController.swift */; };
		2DF4286A25D59C6900A5C069 /* DataManagerCoreData.swift in Sources */ = {isa = PBXBuildFile; fileRef = 2DF4286925D59C6900A5C069 /* DataManagerCoreData.swift */; };
		2DF4287225D5A62200A5C069 /* NotebookMO+CoreDataClass.swift in Sources */ = {isa = PBXBuildFile; fileRef = 2DF4286C25D5A62200A5C069 /* NotebookMO+CoreDataClass.swift */; };
		2DF4287425D5A62200A5C069 /* PhotographMO+CoreDataClass.swift in Sources */ = {isa = PBXBuildFile; fileRef = 2DF4286E25D5A62200A5C069 /* PhotographMO+CoreDataClass.swift */; };
		2DF4287625D5A62200A5C069 /* NoteMO+CoreDataClass.swift in Sources */ = {isa = PBXBuildFile; fileRef = 2DF4287025D5A62200A5C069 /* NoteMO+CoreDataClass.swift */; };
		2DF4287E25D5D7B200A5C069 /* NotesViewModel.swift in Sources */ = {isa = PBXBuildFile; fileRef = 2DF4287D25D5D7B200A5C069 /* NotesViewModel.swift */; };
		2DF4288125D5D7C200A5C069 /* NotesViewController.swift in Sources */ = {isa = PBXBuildFile; fileRef = 2DF4288025D5D7C200A5C069 /* NotesViewController.swift */; };
		2DF4288425D5D7D300A5C069 /* NotesCellViewModel.swift in Sources */ = {isa = PBXBuildFile; fileRef = 2DF4288325D5D7D300A5C069 /* NotesCellViewModel.swift */; };
		2DF4288725D5D7E200A5C069 /* NoteCell.swift in Sources */ = {isa = PBXBuildFile; fileRef = 2DF4288625D5D7E200A5C069 /* NoteCell.swift */; };
		2DF4288C25D7178800A5C069 /* AddNoteViewModel.swift in Sources */ = {isa = PBXBuildFile; fileRef = 2DF4288B25D7178800A5C069 /* AddNoteViewModel.swift */; };
		2DF4289025D717C100A5C069 /* AddNoteViewController.swift in Sources */ = {isa = PBXBuildFile; fileRef = 2DF4288F25D717C100A5C069 /* AddNoteViewController.swift */; };
		2DF4289325D7192000A5C069 /* AddNoteCoordinator.swift in Sources */ = {isa = PBXBuildFile; fileRef = 2DF4289225D7192000A5C069 /* AddNoteCoordinator.swift */; };
		2DF4289725D8401900A5C069 /* EditNoteViewModel.swift in Sources */ = {isa = PBXBuildFile; fileRef = 2DF4289625D8401900A5C069 /* EditNoteViewModel.swift */; };
		2DF4289A25D8402700A5C069 /* EditNoteViewController.swift in Sources */ = {isa = PBXBuildFile; fileRef = 2DF4289925D8402700A5C069 /* EditNoteViewController.swift */; };
		2DF4289E25D84F1800A5C069 /* TextFieldWithPadding.swift in Sources */ = {isa = PBXBuildFile; fileRef = 2DF4289D25D84F1800A5C069 /* TextFieldWithPadding.swift */; };
		2DF428BA25D93C3000A5C069 /* NotePhotographCell.swift in Sources */ = {isa = PBXBuildFile; fileRef = 2DF428B925D93C3000A5C069 /* NotePhotographCell.swift */; };
		2DF428BD25D93C4700A5C069 /* NotePhotographCellViewModel.swift in Sources */ = {isa = PBXBuildFile; fileRef = 2DF428BC25D93C4700A5C069 /* NotePhotographCellViewModel.swift */; };
/* End PBXBuildFile section */

/* Begin PBXFileReference section */
		2D02065625DA80B100634FB7 /* DownSample.swift */ = {isa = PBXFileReference; lastKnownFileType = sourcecode.swift; path = DownSample.swift; sourceTree = "<group>"; };
		2D02065A25DA86BC00634FB7 /* GranCanaria1.jpg */ = {isa = PBXFileReference; lastKnownFileType = image.jpeg; path = GranCanaria1.jpg; sourceTree = "<group>"; };
		2D02065B25DA86BC00634FB7 /* GranCanaria4.jpg */ = {isa = PBXFileReference; lastKnownFileType = image.jpeg; path = GranCanaria4.jpg; sourceTree = "<group>"; };
		2D02065C25DA86BC00634FB7 /* GranCanaria3.jpg */ = {isa = PBXFileReference; lastKnownFileType = image.jpeg; path = GranCanaria3.jpg; sourceTree = "<group>"; };
		2D02065D25DA86BC00634FB7 /* GranCanaria2.jpg */ = {isa = PBXFileReference; lastKnownFileType = image.jpeg; path = GranCanaria2.jpg; sourceTree = "<group>"; };
		2D9F0C2725D0AED500A658A5 /* Notebooks.app */ = {isa = PBXFileReference; explicitFileType = wrapper.application; includeInIndex = 0; path = Notebooks.app; sourceTree = BUILT_PRODUCTS_DIR; };
		2D9F0C2A25D0AED500A658A5 /* AppDelegate.swift */ = {isa = PBXFileReference; lastKnownFileType = sourcecode.swift; path = AppDelegate.swift; sourceTree = "<group>"; };
		2D9F0C2C25D0AED500A658A5 /* SceneDelegate.swift */ = {isa = PBXFileReference; lastKnownFileType = sourcecode.swift; path = SceneDelegate.swift; sourceTree = "<group>"; };
		2D9F0C2E25D0AED500A658A5 /* ViewController.swift */ = {isa = PBXFileReference; lastKnownFileType = sourcecode.swift; path = ViewController.swift; sourceTree = "<group>"; };
		2D9F0C3125D0AED500A658A5 /* Base */ = {isa = PBXFileReference; lastKnownFileType = file.storyboard; name = Base; path = Base.lproj/Main.storyboard; sourceTree = "<group>"; };
		2D9F0C3425D0AED500A658A5 /* Notebooks.xcdatamodel */ = {isa = PBXFileReference; lastKnownFileType = wrapper.xcdatamodel; path = Notebooks.xcdatamodel; sourceTree = "<group>"; };
		2D9F0C3625D0AED900A658A5 /* Assets.xcassets */ = {isa = PBXFileReference; lastKnownFileType = folder.assetcatalog; path = Assets.xcassets; sourceTree = "<group>"; };
		2D9F0C3925D0AED900A658A5 /* Base */ = {isa = PBXFileReference; lastKnownFileType = file.storyboard; name = Base; path = Base.lproj/LaunchScreen.storyboard; sourceTree = "<group>"; };
		2D9F0C3B25D0AED900A658A5 /* Info.plist */ = {isa = PBXFileReference; lastKnownFileType = text.plist.xml; path = Info.plist; sourceTree = "<group>"; };
		2D9F0C5025D0B09000A658A5 /* Coordinator.swift */ = {isa = PBXFileReference; lastKnownFileType = sourcecode.swift; path = Coordinator.swift; sourceTree = "<group>"; };
		2D9F0C5425D0B0AE00A658A5 /* AppCoordinator.swift */ = {isa = PBXFileReference; lastKnownFileType = sourcecode.swift; path = AppCoordinator.swift; sourceTree = "<group>"; };
		2D9F0C5725D0B0ED00A658A5 /* NotebooksViewController.swift */ = {isa = PBXFileReference; lastKnownFileType = sourcecode.swift; path = NotebooksViewController.swift; sourceTree = "<group>"; };
		2D9F0C5B25D0B10F00A658A5 /* NotebooksCoordinator.swift */ = {isa = PBXFileReference; lastKnownFileType = sourcecode.swift; path = NotebooksCoordinator.swift; sourceTree = "<group>"; };
		2D9F0C8E25D2A29C00A658A5 /* NotebookCell.swift */ = {isa = PBXFileReference; lastKnownFileType = sourcecode.swift; path = NotebookCell.swift; sourceTree = "<group>"; };
		2D9F0C9325D2A2C500A658A5 /* NotebooksViewModel.swift */ = {isa = PBXFileReference; lastKnownFileType = sourcecode.swift; path = NotebooksViewModel.swift; sourceTree = "<group>"; };
		2D9F0C9725D2A5A600A658A5 /* NotebookCellViewModel.swift */ = {isa = PBXFileReference; lastKnownFileType = sourcecode.swift; path = NotebookCellViewModel.swift; sourceTree = "<group>"; };
		2D9F0C9D25D2AED000A658A5 /* UIViewController+Extensions.swift */ = {isa = PBXFileReference; lastKnownFileType = sourcecode.swift; path = "UIViewController+Extensions.swift"; sourceTree = "<group>"; };
		2D9F0CA125D3548300A658A5 /* UIColor+Extensions.swift */ = {isa = PBXFileReference; lastKnownFileType = sourcecode.swift; path = "UIColor+Extensions.swift"; sourceTree = "<group>"; };
		2D9F0CA525D3E98A00A658A5 /* AddNotebookCoordinator.swift */ = {isa = PBXFileReference; lastKnownFileType = sourcecode.swift; path = AddNotebookCoordinator.swift; sourceTree = "<group>"; };
		2D9F0CA925D3E9FE00A658A5 /* AddNotebookViewModel.swift */ = {isa = PBXFileReference; lastKnownFileType = sourcecode.swift; path = AddNotebookViewModel.swift; sourceTree = "<group>"; };
		2D9F0CAC25D3EA1800A658A5 /* AddNotebookViewController.swift */ = {isa = PBXFileReference; lastKnownFileType = sourcecode.swift; path = AddNotebookViewController.swift; sourceTree = "<group>"; };
		2DF4286925D59C6900A5C069 /* DataManagerCoreData.swift */ = {isa = PBXFileReference; lastKnownFileType = sourcecode.swift; path = DataManagerCoreData.swift; sourceTree = "<group>"; };
		2DF4286C25D5A62200A5C069 /* NotebookMO+CoreDataClass.swift */ = {isa = PBXFileReference; lastKnownFileType = sourcecode.swift; path = "NotebookMO+CoreDataClass.swift"; sourceTree = "<group>"; };
		2DF4286E25D5A62200A5C069 /* PhotographMO+CoreDataClass.swift */ = {isa = PBXFileReference; lastKnownFileType = sourcecode.swift; path = "PhotographMO+CoreDataClass.swift"; sourceTree = "<group>"; };
		2DF4287025D5A62200A5C069 /* NoteMO+CoreDataClass.swift */ = {isa = PBXFileReference; lastKnownFileType = sourcecode.swift; path = "NoteMO+CoreDataClass.swift"; sourceTree = "<group>"; };
		2DF4287D25D5D7B200A5C069 /* NotesViewModel.swift */ = {isa = PBXFileReference; lastKnownFileType = sourcecode.swift; path = NotesViewModel.swift; sourceTree = "<group>"; };
		2DF4288025D5D7C200A5C069 /* NotesViewController.swift */ = {isa = PBXFileReference; lastKnownFileType = sourcecode.swift; path = NotesViewController.swift; sourceTree = "<group>"; };
		2DF4288325D5D7D300A5C069 /* NotesCellViewModel.swift */ = {isa = PBXFileReference; lastKnownFileType = sourcecode.swift; path = NotesCellViewModel.swift; sourceTree = "<group>"; };
		2DF4288625D5D7E200A5C069 /* NoteCell.swift */ = {isa = PBXFileReference; lastKnownFileType = sourcecode.swift; path = NoteCell.swift; sourceTree = "<group>"; };
		2DF4288B25D7178800A5C069 /* AddNoteViewModel.swift */ = {isa = PBXFileReference; lastKnownFileType = sourcecode.swift; path = AddNoteViewModel.swift; sourceTree = "<group>"; };
		2DF4288F25D717C100A5C069 /* AddNoteViewController.swift */ = {isa = PBXFileReference; lastKnownFileType = sourcecode.swift; path = AddNoteViewController.swift; sourceTree = "<group>"; };
		2DF4289225D7192000A5C069 /* AddNoteCoordinator.swift */ = {isa = PBXFileReference; lastKnownFileType = sourcecode.swift; path = AddNoteCoordinator.swift; sourceTree = "<group>"; };
		2DF4289625D8401900A5C069 /* EditNoteViewModel.swift */ = {isa = PBXFileReference; lastKnownFileType = sourcecode.swift; path = EditNoteViewModel.swift; sourceTree = "<group>"; };
		2DF4289925D8402700A5C069 /* EditNoteViewController.swift */ = {isa = PBXFileReference; lastKnownFileType = sourcecode.swift; path = EditNoteViewController.swift; sourceTree = "<group>"; };
		2DF4289D25D84F1800A5C069 /* TextFieldWithPadding.swift */ = {isa = PBXFileReference; lastKnownFileType = sourcecode.swift; path = TextFieldWithPadding.swift; sourceTree = "<group>"; };
		2DF428B925D93C3000A5C069 /* NotePhotographCell.swift */ = {isa = PBXFileReference; lastKnownFileType = sourcecode.swift; path = NotePhotographCell.swift; sourceTree = "<group>"; };
		2DF428BC25D93C4700A5C069 /* NotePhotographCellViewModel.swift */ = {isa = PBXFileReference; lastKnownFileType = sourcecode.swift; path = NotePhotographCellViewModel.swift; sourceTree = "<group>"; };
/* End PBXFileReference section */

/* Begin PBXFrameworksBuildPhase section */
		2D9F0C2425D0AED500A658A5 /* Frameworks */ = {
			isa = PBXFrameworksBuildPhase;
			buildActionMask = 2147483647;
			files = (
			);
			runOnlyForDeploymentPostprocessing = 0;
		};
/* End PBXFrameworksBuildPhase section */

/* Begin PBXGroup section */
		2D02065925DA86A200634FB7 /* DummyData */ = {
			isa = PBXGroup;
			children = (
				2D02065A25DA86BC00634FB7 /* GranCanaria1.jpg */,
				2D02065D25DA86BC00634FB7 /* GranCanaria2.jpg */,
				2D02065C25DA86BC00634FB7 /* GranCanaria3.jpg */,
				2D02065B25DA86BC00634FB7 /* GranCanaria4.jpg */,
			);
			path = DummyData;
			sourceTree = "<group>";
		};
		2D9F0C1E25D0AED500A658A5 = {
			isa = PBXGroup;
			children = (
				2D9F0C2925D0AED500A658A5 /* Notebooks */,
				2D9F0C2825D0AED500A658A5 /* Products */,
			);
			sourceTree = "<group>";
		};
		2D9F0C2825D0AED500A658A5 /* Products */ = {
			isa = PBXGroup;
			children = (
				2D9F0C2725D0AED500A658A5 /* Notebooks.app */,
			);
			name = Products;
			sourceTree = "<group>";
		};
		2D9F0C2925D0AED500A658A5 /* Notebooks */ = {
			isa = PBXGroup;
			children = (
				2DF4289C25D84EED00A5C069 /* CustomClasses */,
				2DF4289525D8400300A5C069 /* EditNote */,
				2DF4288A25D7177100A5C069 /* AddNote */,
				2D9F0CA825D3E9E900A658A5 /* AddNotebook */,
				2D9F0CA425D3E71A00A658A5 /* Notes */,
				2D9F0C4B25D0AFB900A658A5 /* Notebooks */,
				2D9F0C4225D0AEF300A658A5 /* Extensions */,
				2D9F0C4425D0AF0700A658A5 /* DataManager */,
				2D9F0C4825D0AF4A00A658A5 /* Coordinator */,
				2D9F0C2A25D0AED500A658A5 /* AppDelegate.swift */,
				2D9F0C2C25D0AED500A658A5 /* SceneDelegate.swift */,
				2D9F0C2E25D0AED500A658A5 /* ViewController.swift */,
				2D9F0C3025D0AED500A658A5 /* Main.storyboard */,
				2D9F0C3625D0AED900A658A5 /* Assets.xcassets */,
				2D9F0C3825D0AED900A658A5 /* LaunchScreen.storyboard */,
				2D9F0C3B25D0AED900A658A5 /* Info.plist */,
			);
			path = Notebooks;
			sourceTree = "<group>";
		};
		2D9F0C4225D0AEF300A658A5 /* Extensions */ = {
			isa = PBXGroup;
			children = (
				2D9F0C9D25D2AED000A658A5 /* UIViewController+Extensions.swift */,
				2D9F0CA125D3548300A658A5 /* UIColor+Extensions.swift */,
			);
			path = Extensions;
			sourceTree = "<group>";
		};
		2D9F0C4425D0AF0700A658A5 /* DataManager */ = {
			isa = PBXGroup;
			children = (
				2D9F0C4625D0AF1900A658A5 /* Local */,
				2DF4286925D59C6900A5C069 /* DataManagerCoreData.swift */,
			);
			path = DataManager;
			sourceTree = "<group>";
		};
		2D9F0C4625D0AF1900A658A5 /* Local */ = {
			isa = PBXGroup;
			children = (
				2D02065925DA86A200634FB7 /* DummyData */,
				2D9F0C6C25D1B8F400A658A5 /* CoreData */,
			);
			path = Local;
			sourceTree = "<group>";
		};
		2D9F0C4825D0AF4A00A658A5 /* Coordinator */ = {
			isa = PBXGroup;
			children = (
				2D9F0C5025D0B09000A658A5 /* Coordinator.swift */,
				2D9F0C5425D0B0AE00A658A5 /* AppCoordinator.swift */,
				2D9F0C5B25D0B10F00A658A5 /* NotebooksCoordinator.swift */,
				2D9F0CA525D3E98A00A658A5 /* AddNotebookCoordinator.swift */,
				2DF4289225D7192000A5C069 /* AddNoteCoordinator.swift */,
			);
			path = Coordinator;
			sourceTree = "<group>";
		};
		2D9F0C4B25D0AFB900A658A5 /* Notebooks */ = {
			isa = PBXGroup;
			children = (
				2D9F0C9325D2A2C500A658A5 /* NotebooksViewModel.swift */,
				2D9F0C5725D0B0ED00A658A5 /* NotebooksViewController.swift */,
				2D9F0C9725D2A5A600A658A5 /* NotebookCellViewModel.swift */,
				2D9F0C8E25D2A29C00A658A5 /* NotebookCell.swift */,
			);
			path = Notebooks;
			sourceTree = "<group>";
		};
		2D9F0C6C25D1B8F400A658A5 /* CoreData */ = {
			isa = PBXGroup;
			children = (
				2DF4286C25D5A62200A5C069 /* NotebookMO+CoreDataClass.swift */,
				2DF4286E25D5A62200A5C069 /* PhotographMO+CoreDataClass.swift */,
				2DF4287025D5A62200A5C069 /* NoteMO+CoreDataClass.swift */,
				2D9F0C3325D0AED500A658A5 /* NotebooksModel.xcdatamodeld */,
			);
			path = CoreData;
			sourceTree = "<group>";
		};
		2D9F0CA425D3E71A00A658A5 /* Notes */ = {
			isa = PBXGroup;
			children = (
				2DF4287D25D5D7B200A5C069 /* NotesViewModel.swift */,
				2DF4288025D5D7C200A5C069 /* NotesViewController.swift */,
				2DF4288325D5D7D300A5C069 /* NotesCellViewModel.swift */,
				2DF4288625D5D7E200A5C069 /* NoteCell.swift */,
			);
			path = Notes;
			sourceTree = "<group>";
		};
		2D9F0CA825D3E9E900A658A5 /* AddNotebook */ = {
			isa = PBXGroup;
			children = (
				2D9F0CA925D3E9FE00A658A5 /* AddNotebookViewModel.swift */,
				2D9F0CAC25D3EA1800A658A5 /* AddNotebookViewController.swift */,
			);
			path = AddNotebook;
			sourceTree = "<group>";
		};
		2DF4288A25D7177100A5C069 /* AddNote */ = {
			isa = PBXGroup;
			children = (
				2DF4288B25D7178800A5C069 /* AddNoteViewModel.swift */,
				2DF4288F25D717C100A5C069 /* AddNoteViewController.swift */,
			);
			path = AddNote;
			sourceTree = "<group>";
		};
		2DF4289525D8400300A5C069 /* EditNote */ = {
			isa = PBXGroup;
			children = (
				2DF4289625D8401900A5C069 /* EditNoteViewModel.swift */,
				2DF4289925D8402700A5C069 /* EditNoteViewController.swift */,
				2DF428BC25D93C4700A5C069 /* NotePhotographCellViewModel.swift */,
				2DF428B925D93C3000A5C069 /* NotePhotographCell.swift */,
			);
			path = EditNote;
			sourceTree = "<group>";
		};
		2DF4289C25D84EED00A5C069 /* CustomClasses */ = {
			isa = PBXGroup;
			children = (
				2DF4289D25D84F1800A5C069 /* TextFieldWithPadding.swift */,
				2D02065625DA80B100634FB7 /* DownSample.swift */,
			);
			path = CustomClasses;
			sourceTree = "<group>";
		};
/* End PBXGroup section */

/* Begin PBXNativeTarget section */
		2D9F0C2625D0AED500A658A5 /* Notebooks */ = {
			isa = PBXNativeTarget;
			buildConfigurationList = 2D9F0C3E25D0AED900A658A5 /* Build configuration list for PBXNativeTarget "Notebooks" */;
			buildPhases = (
				2D9F0C2325D0AED500A658A5 /* Sources */,
				2D9F0C2425D0AED500A658A5 /* Frameworks */,
				2D9F0C2525D0AED500A658A5 /* Resources */,
			);
			buildRules = (
			);
			dependencies = (
			);
			name = Notebooks;
			productName = Notebooks;
			productReference = 2D9F0C2725D0AED500A658A5 /* Notebooks.app */;
			productType = "com.apple.product-type.application";
		};
/* End PBXNativeTarget section */

/* Begin PBXProject section */
		2D9F0C1F25D0AED500A658A5 /* Project object */ = {
			isa = PBXProject;
			attributes = {
				LastSwiftUpdateCheck = 1220;
				LastUpgradeCheck = 1220;
				TargetAttributes = {
					2D9F0C2625D0AED500A658A5 = {
						CreatedOnToolsVersion = 12.2;
					};
				};
			};
			buildConfigurationList = 2D9F0C2225D0AED500A658A5 /* Build configuration list for PBXProject "Notebooks" */;
			compatibilityVersion = "Xcode 9.3";
			developmentRegion = en;
			hasScannedForEncodings = 0;
			knownRegions = (
				en,
				Base,
			);
			mainGroup = 2D9F0C1E25D0AED500A658A5;
			productRefGroup = 2D9F0C2825D0AED500A658A5 /* Products */;
			projectDirPath = "";
			projectRoot = "";
			targets = (
				2D9F0C2625D0AED500A658A5 /* Notebooks */,
			);
		};
/* End PBXProject section */

/* Begin PBXResourcesBuildPhase section */
		2D9F0C2525D0AED500A658A5 /* Resources */ = {
			isa = PBXResourcesBuildPhase;
			buildActionMask = 2147483647;
			files = (
				2D02066125DA86BC00634FB7 /* GranCanaria2.jpg in Resources */,
				2D9F0C3A25D0AED900A658A5 /* LaunchScreen.storyboard in Resources */,
				2D02066025DA86BC00634FB7 /* GranCanaria3.jpg in Resources */,
				2D02065F25DA86BC00634FB7 /* GranCanaria4.jpg in Resources */,
				2D9F0C3725D0AED900A658A5 /* Assets.xcassets in Resources */,
				2D9F0C3225D0AED500A658A5 /* Main.storyboard in Resources */,
				2D02065E25DA86BC00634FB7 /* GranCanaria1.jpg in Resources */,
			);
			runOnlyForDeploymentPostprocessing = 0;
		};
/* End PBXResourcesBuildPhase section */

/* Begin PBXSourcesBuildPhase section */
		2D9F0C2325D0AED500A658A5 /* Sources */ = {
			isa = PBXSourcesBuildPhase;
			buildActionMask = 2147483647;
			files = (
				2DF4289A25D8402700A5C069 /* EditNoteViewController.swift in Sources */,
				2D9F0C5525D0B0AE00A658A5 /* AppCoordinator.swift in Sources */,
				2D9F0C2F25D0AED500A658A5 /* ViewController.swift in Sources */,
				2D9F0C5825D0B0ED00A658A5 /* NotebooksViewController.swift in Sources */,
				2DF4289E25D84F1800A5C069 /* TextFieldWithPadding.swift in Sources */,
				2DF428BA25D93C3000A5C069 /* NotePhotographCell.swift in Sources */,
				2DF4288125D5D7C200A5C069 /* NotesViewController.swift in Sources */,
				2D02065725DA80B100634FB7 /* DownSample.swift in Sources */,
				2DF428BD25D93C4700A5C069 /* NotePhotographCellViewModel.swift in Sources */,
				2DF4289725D8401900A5C069 /* EditNoteViewModel.swift in Sources */,
				2DF4289325D7192000A5C069 /* AddNoteCoordinator.swift in Sources */,
				2DF4288C25D7178800A5C069 /* AddNoteViewModel.swift in Sources */,
				2D9F0C2B25D0AED500A658A5 /* AppDelegate.swift in Sources */,
				2D9F0C5125D0B09000A658A5 /* Coordinator.swift in Sources */,
				2DF4288425D5D7D300A5C069 /* NotesCellViewModel.swift in Sources */,
				2DF4287425D5A62200A5C069 /* PhotographMO+CoreDataClass.swift in Sources */,
				2DF4287625D5A62200A5C069 /* NoteMO+CoreDataClass.swift in Sources */,
				2D9F0C5C25D0B10F00A658A5 /* NotebooksCoordinator.swift in Sources */,
				2D9F0C9E25D2AED000A658A5 /* UIViewController+Extensions.swift in Sources */,
				2D9F0C3525D0AED500A658A5 /* NotebooksModel.xcdatamodeld in Sources */,
				2D9F0CA625D3E98A00A658A5 /* AddNotebookCoordinator.swift in Sources */,
				2D9F0CAD25D3EA1800A658A5 /* AddNotebookViewController.swift in Sources */,
				2D9F0C9425D2A2C500A658A5 /* NotebooksViewModel.swift in Sources */,
				2DF4286A25D59C6900A5C069 /* DataManagerCoreData.swift in Sources */,
				2D9F0C9025D2A29C00A658A5 /* NotebookCell.swift in Sources */,
				2DF4287225D5A62200A5C069 /* NotebookMO+CoreDataClass.swift in Sources */,
				2DF4288725D5D7E200A5C069 /* NoteCell.swift in Sources */,
				2D9F0C9825D2A5A600A658A5 /* NotebookCellViewModel.swift in Sources */,
				2DF4289025D717C100A5C069 /* AddNoteViewController.swift in Sources */,
				2D9F0CAA25D3E9FE00A658A5 /* AddNotebookViewModel.swift in Sources */,
				2DF4287E25D5D7B200A5C069 /* NotesViewModel.swift in Sources */,
				2D9F0CA225D3548300A658A5 /* UIColor+Extensions.swift in Sources */,
				2D9F0C2D25D0AED500A658A5 /* SceneDelegate.swift in Sources */,
			);
			runOnlyForDeploymentPostprocessing = 0;
		};
/* End PBXSourcesBuildPhase section */

/* Begin PBXVariantGroup section */
		2D9F0C3025D0AED500A658A5 /* Main.storyboard */ = {
			isa = PBXVariantGroup;
			children = (
				2D9F0C3125D0AED500A658A5 /* Base */,
			);
			name = Main.storyboard;
			sourceTree = "<group>";
		};
		2D9F0C3825D0AED900A658A5 /* LaunchScreen.storyboard */ = {
			isa = PBXVariantGroup;
			children = (
				2D9F0C3925D0AED900A658A5 /* Base */,
			);
			name = LaunchScreen.storyboard;
			sourceTree = "<group>";
		};
/* End PBXVariantGroup section */

/* Begin XCBuildConfiguration section */
		2D9F0C3C25D0AED900A658A5 /* Debug */ = {
			isa = XCBuildConfiguration;
			buildSettings = {
				ALWAYS_SEARCH_USER_PATHS = NO;
				CLANG_ANALYZER_NONNULL = YES;
				CLANG_ANALYZER_NUMBER_OBJECT_CONVERSION = YES_AGGRESSIVE;
				CLANG_CXX_LANGUAGE_STANDARD = "gnu++14";
				CLANG_CXX_LIBRARY = "libc++";
				CLANG_ENABLE_MODULES = YES;
				CLANG_ENABLE_OBJC_ARC = YES;
				CLANG_ENABLE_OBJC_WEAK = YES;
				CLANG_WARN_BLOCK_CAPTURE_AUTORELEASING = YES;
				CLANG_WARN_BOOL_CONVERSION = YES;
				CLANG_WARN_COMMA = YES;
				CLANG_WARN_CONSTANT_CONVERSION = YES;
				CLANG_WARN_DEPRECATED_OBJC_IMPLEMENTATIONS = YES;
				CLANG_WARN_DIRECT_OBJC_ISA_USAGE = YES_ERROR;
				CLANG_WARN_DOCUMENTATION_COMMENTS = YES;
				CLANG_WARN_EMPTY_BODY = YES;
				CLANG_WARN_ENUM_CONVERSION = YES;
				CLANG_WARN_INFINITE_RECURSION = YES;
				CLANG_WARN_INT_CONVERSION = YES;
				CLANG_WARN_NON_LITERAL_NULL_CONVERSION = YES;
				CLANG_WARN_OBJC_IMPLICIT_RETAIN_SELF = YES;
				CLANG_WARN_OBJC_LITERAL_CONVERSION = YES;
				CLANG_WARN_OBJC_ROOT_CLASS = YES_ERROR;
				CLANG_WARN_QUOTED_INCLUDE_IN_FRAMEWORK_HEADER = YES;
				CLANG_WARN_RANGE_LOOP_ANALYSIS = YES;
				CLANG_WARN_STRICT_PROTOTYPES = YES;
				CLANG_WARN_SUSPICIOUS_MOVE = YES;
				CLANG_WARN_UNGUARDED_AVAILABILITY = YES_AGGRESSIVE;
				CLANG_WARN_UNREACHABLE_CODE = YES;
				CLANG_WARN__DUPLICATE_METHOD_MATCH = YES;
				COPY_PHASE_STRIP = NO;
				DEBUG_INFORMATION_FORMAT = dwarf;
				ENABLE_STRICT_OBJC_MSGSEND = YES;
				ENABLE_TESTABILITY = YES;
				GCC_C_LANGUAGE_STANDARD = gnu11;
				GCC_DYNAMIC_NO_PIC = NO;
				GCC_NO_COMMON_BLOCKS = YES;
				GCC_OPTIMIZATION_LEVEL = 0;
				GCC_PREPROCESSOR_DEFINITIONS = (
					"DEBUG=1",
					"$(inherited)",
				);
				GCC_WARN_64_TO_32_BIT_CONVERSION = YES;
				GCC_WARN_ABOUT_RETURN_TYPE = YES_ERROR;
				GCC_WARN_UNDECLARED_SELECTOR = YES;
				GCC_WARN_UNINITIALIZED_AUTOS = YES_AGGRESSIVE;
				GCC_WARN_UNUSED_FUNCTION = YES;
				GCC_WARN_UNUSED_VARIABLE = YES;
				IPHONEOS_DEPLOYMENT_TARGET = 14.2;
				MTL_ENABLE_DEBUG_INFO = INCLUDE_SOURCE;
				MTL_FAST_MATH = YES;
				ONLY_ACTIVE_ARCH = YES;
				SDKROOT = iphoneos;
				SWIFT_ACTIVE_COMPILATION_CONDITIONS = DEBUG;
				SWIFT_OPTIMIZATION_LEVEL = "-Onone";
			};
			name = Debug;
		};
		2D9F0C3D25D0AED900A658A5 /* Release */ = {
			isa = XCBuildConfiguration;
			buildSettings = {
				ALWAYS_SEARCH_USER_PATHS = NO;
				CLANG_ANALYZER_NONNULL = YES;
				CLANG_ANALYZER_NUMBER_OBJECT_CONVERSION = YES_AGGRESSIVE;
				CLANG_CXX_LANGUAGE_STANDARD = "gnu++14";
				CLANG_CXX_LIBRARY = "libc++";
				CLANG_ENABLE_MODULES = YES;
				CLANG_ENABLE_OBJC_ARC = YES;
				CLANG_ENABLE_OBJC_WEAK = YES;
				CLANG_WARN_BLOCK_CAPTURE_AUTORELEASING = YES;
				CLANG_WARN_BOOL_CONVERSION = YES;
				CLANG_WARN_COMMA = YES;
				CLANG_WARN_CONSTANT_CONVERSION = YES;
				CLANG_WARN_DEPRECATED_OBJC_IMPLEMENTATIONS = YES;
				CLANG_WARN_DIRECT_OBJC_ISA_USAGE = YES_ERROR;
				CLANG_WARN_DOCUMENTATION_COMMENTS = YES;
				CLANG_WARN_EMPTY_BODY = YES;
				CLANG_WARN_ENUM_CONVERSION = YES;
				CLANG_WARN_INFINITE_RECURSION = YES;
				CLANG_WARN_INT_CONVERSION = YES;
				CLANG_WARN_NON_LITERAL_NULL_CONVERSION = YES;
				CLANG_WARN_OBJC_IMPLICIT_RETAIN_SELF = YES;
				CLANG_WARN_OBJC_LITERAL_CONVERSION = YES;
				CLANG_WARN_OBJC_ROOT_CLASS = YES_ERROR;
				CLANG_WARN_QUOTED_INCLUDE_IN_FRAMEWORK_HEADER = YES;
				CLANG_WARN_RANGE_LOOP_ANALYSIS = YES;
				CLANG_WARN_STRICT_PROTOTYPES = YES;
				CLANG_WARN_SUSPICIOUS_MOVE = YES;
				CLANG_WARN_UNGUARDED_AVAILABILITY = YES_AGGRESSIVE;
				CLANG_WARN_UNREACHABLE_CODE = YES;
				CLANG_WARN__DUPLICATE_METHOD_MATCH = YES;
				COPY_PHASE_STRIP = NO;
				DEBUG_INFORMATION_FORMAT = "dwarf-with-dsym";
				ENABLE_NS_ASSERTIONS = NO;
				ENABLE_STRICT_OBJC_MSGSEND = YES;
				GCC_C_LANGUAGE_STANDARD = gnu11;
				GCC_NO_COMMON_BLOCKS = YES;
				GCC_WARN_64_TO_32_BIT_CONVERSION = YES;
				GCC_WARN_ABOUT_RETURN_TYPE = YES_ERROR;
				GCC_WARN_UNDECLARED_SELECTOR = YES;
				GCC_WARN_UNINITIALIZED_AUTOS = YES_AGGRESSIVE;
				GCC_WARN_UNUSED_FUNCTION = YES;
				GCC_WARN_UNUSED_VARIABLE = YES;
				IPHONEOS_DEPLOYMENT_TARGET = 14.2;
				MTL_ENABLE_DEBUG_INFO = NO;
				MTL_FAST_MATH = YES;
				SDKROOT = iphoneos;
				SWIFT_COMPILATION_MODE = wholemodule;
				SWIFT_OPTIMIZATION_LEVEL = "-O";
				VALIDATE_PRODUCT = YES;
			};
			name = Release;
		};
		2D9F0C3F25D0AED900A658A5 /* Debug */ = {
			isa = XCBuildConfiguration;
			buildSettings = {
				ASSETCATALOG_COMPILER_APPICON_NAME = AppIcon;
				ASSETCATALOG_COMPILER_GLOBAL_ACCENT_COLOR_NAME = AccentColor;
				CODE_SIGN_STYLE = Automatic;
				INFOPLIST_FILE = Notebooks/Info.plist;
				LD_RUNPATH_SEARCH_PATHS = (
					"$(inherited)",
					"@executable_path/Frameworks",
				);
				PRODUCT_BUNDLE_IDENTIFIER = com.osvaldochaparro.Notebooks;
				PRODUCT_NAME = "$(TARGET_NAME)";
				SWIFT_VERSION = 5.0;
				TARGETED_DEVICE_FAMILY = 1;
			};
			name = Debug;
		};
		2D9F0C4025D0AED900A658A5 /* Release */ = {
			isa = XCBuildConfiguration;
			buildSettings = {
				ASSETCATALOG_COMPILER_APPICON_NAME = AppIcon;
				ASSETCATALOG_COMPILER_GLOBAL_ACCENT_COLOR_NAME = AccentColor;
				CODE_SIGN_STYLE = Automatic;
				INFOPLIST_FILE = Notebooks/Info.plist;
				LD_RUNPATH_SEARCH_PATHS = (
					"$(inherited)",
					"@executable_path/Frameworks",
				);
				PRODUCT_BUNDLE_IDENTIFIER = com.osvaldochaparro.Notebooks;
				PRODUCT_NAME = "$(TARGET_NAME)";
				SWIFT_VERSION = 5.0;
				TARGETED_DEVICE_FAMILY = 1;
			};
			name = Release;
		};
/* End XCBuildConfiguration section */

/* Begin XCConfigurationList section */
		2D9F0C2225D0AED500A658A5 /* Build configuration list for PBXProject "Notebooks" */ = {
			isa = XCConfigurationList;
			buildConfigurations = (
				2D9F0C3C25D0AED900A658A5 /* Debug */,
				2D9F0C3D25D0AED900A658A5 /* Release */,
			);
			defaultConfigurationIsVisible = 0;
			defaultConfigurationName = Release;
		};
		2D9F0C3E25D0AED900A658A5 /* Build configuration list for PBXNativeTarget "Notebooks" */ = {
			isa = XCConfigurationList;
			buildConfigurations = (
				2D9F0C3F25D0AED900A658A5 /* Debug */,
				2D9F0C4025D0AED900A658A5 /* Release */,
			);
			defaultConfigurationIsVisible = 0;
			defaultConfigurationName = Release;
		};
/* End XCConfigurationList section */

/* Begin XCVersionGroup section */
		2D9F0C3325D0AED500A658A5 /* NotebooksModel.xcdatamodeld */ = {
			isa = XCVersionGroup;
			children = (
				2D9F0C3425D0AED500A658A5 /* Notebooks.xcdatamodel */,
			);
			currentVersion = 2D9F0C3425D0AED500A658A5 /* Notebooks.xcdatamodel */;
			path = NotebooksModel.xcdatamodeld;
			sourceTree = "<group>";
			versionGroupType = wrapper.xcdatamodel;
		};
/* End XCVersionGroup section */
	};
	rootObject = 2D9F0C1F25D0AED500A658A5 /* Project object */;
}
